
Microsoft Visual Studio Solution File, Format Version 12.00
# Visual Studio Version 17
VisualStudioVersion = 17.5.33414.496
MinimumVisualStudioVersion = 10.0.40219.1
Project("{FAE04EC0-301F-11D3-BF4B-00C04F79EFBC}") = "OOPSConcepts", "OOPSConcepts.csproj", "{84ABA9A7-4259-4236-86BF-A1FDCA3DF295}"
EndProject
Global
	GlobalSection(SolutionConfigurationPlatforms) = preSolution
		Debug|Any CPU = Debug|Any CPU
		Release|Any CPU = Release|Any CPU
	EndGlobalSection
	GlobalSection(ProjectConfigurationPlatforms) = postSolution
		{84ABA9A7-4259-4236-86BF-A1FDCA3DF295}.Debug|Any CPU.ActiveCfg = Debug|Any CPU
		{84ABA9A7-4259-4236-86BF-A1FDCA3DF295}.Debug|Any CPU.Build.0 = Debug|Any CPU
		{84ABA9A7-4259-4236-86BF-A1FDCA3DF295}.Release|Any CPU.ActiveCfg = Release|Any CPU
		{84ABA9A7-4259-4236-86BF-A1FDCA3DF295}.Release|Any CPU.Build.0 = Release|Any CPU
	EndGlobalSection
	GlobalSection(SolutionProperties) = preSolution
		HideSolutionNode = FALSE
	EndGlobalSection
	GlobalSection(ExtensibilityGlobals) = postSolution
		SolutionGuid = {786141E2-FEA2-4C72-8747-070180F8195B}
	EndGlobalSection
EndGlobal
